
Microsoft Visual Studio Solution File, Format Version 12.00
# Visual Studio Version 17
VisualStudioVersion = 17.14.36202.13
MinimumVisualStudioVersion = 10.0.40219.1
Project("{FAE04EC0-301F-11D3-BF4B-00C04F79EFBC}") = "VerticalSliceApp", "VerticalSliceApp\VerticalSliceApp.csproj", "{4AEA69D5-9433-4647-9A34-26271CAA3F79}"
EndProject
Project("{FAE04EC0-301F-11D3-BF4B-00C04F79EFBC}") = "CleanArchitectureApp", "CleanArchitectureApp\CleanArchitectureApp.csproj", "{A09DFEBF-9AE1-40CA-AEA5-810CC877EF03}"
EndProject
Global
	GlobalSection(SolutionConfigurationPlatforms) = preSolution
		Debug|Any CPU = Debug|Any CPU
		Release|Any CPU = Release|Any CPU
	EndGlobalSection
	GlobalSection(ProjectConfigurationPlatforms) = postSolution
		{4AEA69D5-9433-4647-9A34-26271CAA3F79}.Debug|Any CPU.ActiveCfg = Debug|Any CPU
		{4AEA69D5-9433-4647-9A34-26271CAA3F79}.Debug|Any CPU.Build.0 = Debug|Any CPU
		{4AEA69D5-9433-4647-9A34-26271CAA3F79}.Release|Any CPU.ActiveCfg = Release|Any CPU
		{4AEA69D5-9433-4647-9A34-26271CAA3F79}.Release|Any CPU.Build.0 = Release|Any CPU
		{A09DFEBF-9AE1-40CA-AEA5-810CC877EF03}.Debug|Any CPU.ActiveCfg = Debug|Any CPU
		{A09DFEBF-9AE1-40CA-AEA5-810CC877EF03}.Debug|Any CPU.Build.0 = Debug|Any CPU
		{A09DFEBF-9AE1-40CA-AEA5-810CC877EF03}.Release|Any CPU.ActiveCfg = Release|Any CPU
		{A09DFEBF-9AE1-40CA-AEA5-810CC877EF03}.Release|Any CPU.Build.0 = Release|Any CPU
	EndGlobalSection
	GlobalSection(SolutionProperties) = preSolution
		HideSolutionNode = FALSE
	EndGlobalSection
	GlobalSection(ExtensibilityGlobals) = postSolution
		SolutionGuid = {CAB95F85-768F-4632-8BCD-399D50FA51E1}
	EndGlobalSection
EndGlobal
